
Microsoft Visual Studio Solution File, Format Version 12.00
# Visual Studio Version 17
VisualStudioVersion = 17.2.32616.157
MinimumVisualStudioVersion = 10.0.40219.1
Project("{9A19103F-16F7-4668-BE54-9A1E7A4F7556}") = "Stefanini.API", "src\Stefanini.API\Stefanini.API.csproj", "{B634BECA-230A-4EBA-A97E-0C3F65F7F1A9}"
EndProject
Project("{9A19103F-16F7-4668-BE54-9A1E7A4F7556}") = "Stefanini.Domain", "src\Stefanini.Domain\Stefanini.Domain.csproj", "{BC64EEE6-09B1-491B-989D-7F5FFC80F9B3}"
EndProject
Project("{9A19103F-16F7-4668-BE54-9A1E7A4F7556}") = "Stefanini.Infra.Data", "src\Stefanini.Infra.Data\Stefanini.Infra.Data.csproj", "{EF5DA153-4110-43D5-BB2D-4622BBBB16F9}"
EndProject
Project("{9A19103F-16F7-4668-BE54-9A1E7A4F7556}") = "Stefanini.Tests", "src\Stefanini.Tests\Stefanini.Tests.csproj", "{18468C0C-064D-4010-B790-0FDAFCC26867}"
EndProject
Project("{2150E333-8FDC-42A3-9474-1A3956D46DE8}") = "Api Layer", "Api Layer", "{82B99082-6C5E-4280-A517-B8E7D76A7B2D}"
EndProject
Project("{2150E333-8FDC-42A3-9474-1A3956D46DE8}") = "Application Layer", "Application Layer", "{78B4D496-316F-432B-9CA3-792D2593478F}"
EndProject
Project("{2150E333-8FDC-42A3-9474-1A3956D46DE8}") = "Domain Layer", "Domain Layer", "{DF7A538E-0F60-40D8-BF4F-027C68F92A55}"
EndProject
Project("{2150E333-8FDC-42A3-9474-1A3956D46DE8}") = "Infra Layer", "Infra Layer", "{8AA1BADA-2D3E-48EB-A36B-3E8228A7E746}"
EndProject
Project("{2150E333-8FDC-42A3-9474-1A3956D46DE8}") = "Tests", "Tests", "{6691D9A2-DE46-438B-ADFC-35EA4747FF0A}"
EndProject
Project("{FAE04EC0-301F-11D3-BF4B-00C04F79EFBC}") = "Stefanini.Application", "src\Stefanini.Application\Stefanini.Application.csproj", "{1E3CF718-8500-412E-87A5-0E312438A2BA}"
EndProject
Project("{FAE04EC0-301F-11D3-BF4B-00C04F79EFBC}") = "Stefanini.Infra.CrossCutting.IoC", "src\Stefanini.Infra.CrossCutting.IoC\Stefanini.Infra.CrossCutting.IoC.csproj", "{6C80FB76-31A4-4F79-AE2C-6D0D7FE16DC0}"
EndProject
Global
	GlobalSection(SolutionConfigurationPlatforms) = preSolution
		Debug|Any CPU = Debug|Any CPU
		Release|Any CPU = Release|Any CPU
	EndGlobalSection
	GlobalSection(ProjectConfigurationPlatforms) = postSolution
		{B634BECA-230A-4EBA-A97E-0C3F65F7F1A9}.Debug|Any CPU.ActiveCfg = Debug|Any CPU
		{B634BECA-230A-4EBA-A97E-0C3F65F7F1A9}.Debug|Any CPU.Build.0 = Debug|Any CPU
		{B634BECA-230A-4EBA-A97E-0C3F65F7F1A9}.Release|Any CPU.ActiveCfg = Release|Any CPU
		{B634BECA-230A-4EBA-A97E-0C3F65F7F1A9}.Release|Any CPU.Build.0 = Release|Any CPU
		{BC64EEE6-09B1-491B-989D-7F5FFC80F9B3}.Debug|Any CPU.ActiveCfg = Debug|Any CPU
		{BC64EEE6-09B1-491B-989D-7F5FFC80F9B3}.Debug|Any CPU.Build.0 = Debug|Any CPU
		{BC64EEE6-09B1-491B-989D-7F5FFC80F9B3}.Release|Any CPU.ActiveCfg = Release|Any CPU
		{BC64EEE6-09B1-491B-989D-7F5FFC80F9B3}.Release|Any CPU.Build.0 = Release|Any CPU
		{EF5DA153-4110-43D5-BB2D-4622BBBB16F9}.Debug|Any CPU.ActiveCfg = Debug|Any CPU
		{EF5DA153-4110-43D5-BB2D-4622BBBB16F9}.Debug|Any CPU.Build.0 = Debug|Any CPU
		{EF5DA153-4110-43D5-BB2D-4622BBBB16F9}.Release|Any CPU.ActiveCfg = Release|Any CPU
		{EF5DA153-4110-43D5-BB2D-4622BBBB16F9}.Release|Any CPU.Build.0 = Release|Any CPU
		{18468C0C-064D-4010-B790-0FDAFCC26867}.Debug|Any CPU.ActiveCfg = Debug|Any CPU
		{18468C0C-064D-4010-B790-0FDAFCC26867}.Debug|Any CPU.Build.0 = Debug|Any CPU
		{18468C0C-064D-4010-B790-0FDAFCC26867}.Release|Any CPU.ActiveCfg = Release|Any CPU
		{18468C0C-064D-4010-B790-0FDAFCC26867}.Release|Any CPU.Build.0 = Release|Any CPU
		{1E3CF718-8500-412E-87A5-0E312438A2BA}.Debug|Any CPU.ActiveCfg = Debug|Any CPU
		{1E3CF718-8500-412E-87A5-0E312438A2BA}.Debug|Any CPU.Build.0 = Debug|Any CPU
		{1E3CF718-8500-412E-87A5-0E312438A2BA}.Release|Any CPU.ActiveCfg = Release|Any CPU
		{1E3CF718-8500-412E-87A5-0E312438A2BA}.Release|Any CPU.Build.0 = Release|Any CPU
		{6C80FB76-31A4-4F79-AE2C-6D0D7FE16DC0}.Debug|Any CPU.ActiveCfg = Debug|Any CPU
		{6C80FB76-31A4-4F79-AE2C-6D0D7FE16DC0}.Debug|Any CPU.Build.0 = Debug|Any CPU
		{6C80FB76-31A4-4F79-AE2C-6D0D7FE16DC0}.Release|Any CPU.ActiveCfg = Release|Any CPU
		{6C80FB76-31A4-4F79-AE2C-6D0D7FE16DC0}.Release|Any CPU.Build.0 = Release|Any CPU
	EndGlobalSection
	GlobalSection(SolutionProperties) = preSolution
		HideSolutionNode = FALSE
	EndGlobalSection
	GlobalSection(NestedProjects) = preSolution
		{B634BECA-230A-4EBA-A97E-0C3F65F7F1A9} = {82B99082-6C5E-4280-A517-B8E7D76A7B2D}
		{BC64EEE6-09B1-491B-989D-7F5FFC80F9B3} = {DF7A538E-0F60-40D8-BF4F-027C68F92A55}
		{EF5DA153-4110-43D5-BB2D-4622BBBB16F9} = {8AA1BADA-2D3E-48EB-A36B-3E8228A7E746}
		{18468C0C-064D-4010-B790-0FDAFCC26867} = {6691D9A2-DE46-438B-ADFC-35EA4747FF0A}
		{1E3CF718-8500-412E-87A5-0E312438A2BA} = {78B4D496-316F-432B-9CA3-792D2593478F}
		{6C80FB76-31A4-4F79-AE2C-6D0D7FE16DC0} = {8AA1BADA-2D3E-48EB-A36B-3E8228A7E746}
	EndGlobalSection
	GlobalSection(ExtensibilityGlobals) = postSolution
		SolutionGuid = {A4869D0B-FE11-495D-A720-DC36AE3CCEBE}
	EndGlobalSection
EndGlobal
